
Microsoft Visual Studio Solution File, Format Version 12.00
# Visual Studio Version 17
VisualStudioVersion = 17.7.34031.279
MinimumVisualStudioVersion = 10.0.40219.1
Project("{FAE04EC0-301F-11D3-BF4B-00C04F79EFBC}") = "ProyectMVC", "ProyectMVC.csproj", "{F627EAB7-EEC9-4D1E-9649-BD519E70D09A}"
EndProject
Global
	GlobalSection(SolutionConfigurationPlatforms) = preSolution
		Debug|Any CPU = Debug|Any CPU
		Release|Any CPU = Release|Any CPU
	EndGlobalSection
	GlobalSection(ProjectConfigurationPlatforms) = postSolution
		{F627EAB7-EEC9-4D1E-9649-BD519E70D09A}.Debug|Any CPU.ActiveCfg = Debug|Any CPU
		{F627EAB7-EEC9-4D1E-9649-BD519E70D09A}.Debug|Any CPU.Build.0 = Debug|Any CPU
		{F627EAB7-EEC9-4D1E-9649-BD519E70D09A}.Release|Any CPU.ActiveCfg = Release|Any CPU
		{F627EAB7-EEC9-4D1E-9649-BD519E70D09A}.Release|Any CPU.Build.0 = Release|Any CPU
	EndGlobalSection
	GlobalSection(SolutionProperties) = preSolution
		HideSolutionNode = FALSE
	EndGlobalSection
	GlobalSection(ExtensibilityGlobals) = postSolution
		SolutionGuid = {8E3F27E6-22E0-4660-93AC-67387BFAB7F6}
	EndGlobalSection
EndGlobal
